
Microsoft Visual Studio Solution File, Format Version 12.00
# Visual Studio Version 16
VisualStudioVersion = 16.0.30717.126
MinimumVisualStudioVersion = 10.0.40219.1
Project("{FAE04EC0-301F-11D3-BF4B-00C04F79EFBC}") = "ATM Task", "ATM Task\ATM Task.csproj", "{A5463854-5E01-4A4D-B474-33F12188E61F}"
EndProject
Global
	GlobalSection(SolutionConfigurationPlatforms) = preSolution
		Debug|Any CPU = Debug|Any CPU
		Release|Any CPU = Release|Any CPU
	EndGlobalSection
	GlobalSection(ProjectConfigurationPlatforms) = postSolution
		{A5463854-5E01-4A4D-B474-33F12188E61F}.Debug|Any CPU.ActiveCfg = Debug|Any CPU
		{A5463854-5E01-4A4D-B474-33F12188E61F}.Debug|Any CPU.Build.0 = Debug|Any CPU
		{A5463854-5E01-4A4D-B474-33F12188E61F}.Release|Any CPU.ActiveCfg = Release|Any CPU
		{A5463854-5E01-4A4D-B474-33F12188E61F}.Release|Any CPU.Build.0 = Release|Any CPU
	EndGlobalSection
	GlobalSection(SolutionProperties) = preSolution
		HideSolutionNode = FALSE
	EndGlobalSection
	GlobalSection(ExtensibilityGlobals) = postSolution
		SolutionGuid = {F8305AD6-6423-40D8-987A-6E4FF641C4D6}
	EndGlobalSection
EndGlobal
